
Microsoft Visual Studio Solution File, Format Version 12.00
# Visual Studio Version 16
VisualStudioVersion = 16.0.31729.503
MinimumVisualStudioVersion = 10.0.40219.1
Project("{FAE04EC0-301F-11D3-BF4B-00C04F79EFBC}") = "ORAKL_NIOP", "ORAKL_NIOP.csproj", "{47AFED71-B01E-4580-B3AE-ABC574F13612}"
EndProject
Global
	GlobalSection(SolutionConfigurationPlatforms) = preSolution
		Debug|Any CPU = Debug|Any CPU
		Release|Any CPU = Release|Any CPU
	EndGlobalSection
	GlobalSection(ProjectConfigurationPlatforms) = postSolution
		{47AFED71-B01E-4580-B3AE-ABC574F13612}.Debug|Any CPU.ActiveCfg = Debug|Any CPU
		{47AFED71-B01E-4580-B3AE-ABC574F13612}.Debug|Any CPU.Build.0 = Debug|Any CPU
		{47AFED71-B01E-4580-B3AE-ABC574F13612}.Release|Any CPU.ActiveCfg = Release|Any CPU
		{47AFED71-B01E-4580-B3AE-ABC574F13612}.Release|Any CPU.Build.0 = Release|Any CPU
	EndGlobalSection
	GlobalSection(SolutionProperties) = preSolution
		HideSolutionNode = FALSE
	EndGlobalSection
	GlobalSection(ExtensibilityGlobals) = postSolution
		SolutionGuid = {F1C417C4-1AE4-4F43-B285-C6C512B30816}
	EndGlobalSection
EndGlobal
